<?xml version='1.0' encoding='utf-8'?>
<Project xmlns="http://schemas.microsoft.com/developer/msbuild/2003" ToolsVersion="4.0">
	<ItemGroup>
		<Filter Include="Internal">
			<UniqueIdentifier>{17479FF1-1FB3-4EC1-8469-B519413AB559}</UniqueIdentifier>
		</Filter>
		<Filter Include="Test">
			<UniqueIdentifier>{D118CC04-DE13-4A6F-AA0A-E2E564E8FC08}</UniqueIdentifier>
		</Filter>
		<Filter Include="Internal\Foo">
			<UniqueIdentifier>{2436C8D2-8C26-4265-9560-4FAD1900C646}</UniqueIdentifier>
		</Filter>
	</ItemGroup>
	<ItemGroup>
		<None Include="generate-filters.py" />
		<ClInclude Include="Nested.h" />
		<None Include="proj_test.xml" />
		<ClCompile Include="Test.cpp" />
		<None Include="test1.xml" />
		<None Include="proj_filters_test.xml" />
		<ClCompile Include="FileName.cpp" />
		<ClCompile Include="NoFilter.cpp" />
		<ClInclude Include="Test\TestFile.h">
			<Filter>Test</Filter>
		</ClInclude>
		<None Include="test.xml" />
		<ClCompile Include="Main.cpp" />
		<ClCompile Include="Internal\Foo\Nested.cpp">
			<Filter>Internal\Foo</Filter>
		</ClCompile>
		<ClCompile Include="Test\TestFile.cpp">
			<Filter>Test</Filter>
		</ClCompile>
		<ClCompile Include="Internal\HelloWorld.cpp">
			<Filter>Internal</Filter>
		</ClCompile>
		<ClInclude Include="Internal\HelloWorld.h">
			<Filter>Internal</Filter>
		</ClInclude>
		<ClInclude Include="Internal\Foo\Nested.h">
			<Filter>Internal\Foo</Filter>
		</ClInclude>
	</ItemGroup>
</Project>